
Microsoft Visual Studio Solution File, Format Version 12.00
# Visual Studio Version 17
VisualStudioVersion = 17.9.34622.214
MinimumVisualStudioVersion = 10.0.40219.1
Project("{FAE04EC0-301F-11D3-BF4B-00C04F79EFBC}") = "StudentPortal.Web", "StudentPortal.Web\StudentPortal.Web.csproj", "{9A7DF6EA-64F5-46D8-AB28-A5D636B762AF}"
EndProject
Global
	GlobalSection(SolutionConfigurationPlatforms) = preSolution
		Debug|Any CPU = Debug|Any CPU
		Release|Any CPU = Release|Any CPU
	EndGlobalSection
	GlobalSection(ProjectConfigurationPlatforms) = postSolution
		{9A7DF6EA-64F5-46D8-AB28-A5D636B762AF}.Debug|Any CPU.ActiveCfg = Debug|Any CPU
		{9A7DF6EA-64F5-46D8-AB28-A5D636B762AF}.Debug|Any CPU.Build.0 = Debug|Any CPU
		{9A7DF6EA-64F5-46D8-AB28-A5D636B762AF}.Release|Any CPU.ActiveCfg = Release|Any CPU
		{9A7DF6EA-64F5-46D8-AB28-A5D636B762AF}.Release|Any CPU.Build.0 = Release|Any CPU
	EndGlobalSection
	GlobalSection(SolutionProperties) = preSolution
		HideSolutionNode = FALSE
	EndGlobalSection
	GlobalSection(ExtensibilityGlobals) = postSolution
		SolutionGuid = {04B351FC-9657-4061-9F33-518794A80E26}
	EndGlobalSection
EndGlobal
